
Microsoft Visual Studio Solution File, Format Version 12.00
# Visual Studio 15
VisualStudioVersion = 15.0.27703.2042
MinimumVisualStudioVersion = 10.0.40219.1
Project("{FAE04EC0-301F-11D3-BF4B-00C04F79EFBC}") = "StarbuzzCh15", "StarbuzzCh15\StarbuzzCh15.csproj", "{3D410B22-95F0-4F39-8392-D9E2A8F77AB4}"
EndProject
Global
	GlobalSection(SolutionConfigurationPlatforms) = preSolution
		Debug|Any CPU = Debug|Any CPU
		Release|Any CPU = Release|Any CPU
	EndGlobalSection
	GlobalSection(ProjectConfigurationPlatforms) = postSolution
		{3D410B22-95F0-4F39-8392-D9E2A8F77AB4}.Debug|Any CPU.ActiveCfg = Debug|Any CPU
		{3D410B22-95F0-4F39-8392-D9E2A8F77AB4}.Debug|Any CPU.Build.0 = Debug|Any CPU
		{3D410B22-95F0-4F39-8392-D9E2A8F77AB4}.Release|Any CPU.ActiveCfg = Release|Any CPU
		{3D410B22-95F0-4F39-8392-D9E2A8F77AB4}.Release|Any CPU.Build.0 = Release|Any CPU
	EndGlobalSection
	GlobalSection(SolutionProperties) = preSolution
		HideSolutionNode = FALSE
	EndGlobalSection
	GlobalSection(ExtensibilityGlobals) = postSolution
		SolutionGuid = {80ECA650-8C73-473C-A798-471C5B05B48C}
	EndGlobalSection
EndGlobal
