
Microsoft Visual Studio Solution File, Format Version 12.00
# Visual Studio 15
VisualStudioVersion = 15.0.27703.2042
MinimumVisualStudioVersion = 10.0.40219.1
Project("{FAE04EC0-301F-11D3-BF4B-00C04F79EFBC}") = "FlapjacksCh8", "FlapjacksCh8\FlapjacksCh8.csproj", "{F3807364-FC38-413A-8200-386B5D228B52}"
EndProject
Global
	GlobalSection(SolutionConfigurationPlatforms) = preSolution
		Debug|Any CPU = Debug|Any CPU
		Release|Any CPU = Release|Any CPU
	EndGlobalSection
	GlobalSection(ProjectConfigurationPlatforms) = postSolution
		{F3807364-FC38-413A-8200-386B5D228B52}.Debug|Any CPU.ActiveCfg = Debug|Any CPU
		{F3807364-FC38-413A-8200-386B5D228B52}.Debug|Any CPU.Build.0 = Debug|Any CPU
		{F3807364-FC38-413A-8200-386B5D228B52}.Release|Any CPU.ActiveCfg = Release|Any CPU
		{F3807364-FC38-413A-8200-386B5D228B52}.Release|Any CPU.Build.0 = Release|Any CPU
	EndGlobalSection
	GlobalSection(SolutionProperties) = preSolution
		HideSolutionNode = FALSE
	EndGlobalSection
	GlobalSection(ExtensibilityGlobals) = postSolution
		SolutionGuid = {4964DFB8-470F-41C9-979C-11F0927ABAAC}
	EndGlobalSection
EndGlobal
