
Microsoft Visual Studio Solution File, Format Version 12.00
# Visual Studio 15
VisualStudioVersion = 15.0.27703.2042
MinimumVisualStudioVersion = 10.0.40219.1
Project("{FAE04EC0-301F-11D3-BF4B-00C04F79EFBC}") = "DelegateCh11", "DelegateCh11\DelegateCh11.csproj", "{325051F1-8477-4309-B3F4-BA147F6E7CA1}"
EndProject
Global
	GlobalSection(SolutionConfigurationPlatforms) = preSolution
		Debug|Any CPU = Debug|Any CPU
		Release|Any CPU = Release|Any CPU
	EndGlobalSection
	GlobalSection(ProjectConfigurationPlatforms) = postSolution
		{325051F1-8477-4309-B3F4-BA147F6E7CA1}.Debug|Any CPU.ActiveCfg = Debug|Any CPU
		{325051F1-8477-4309-B3F4-BA147F6E7CA1}.Debug|Any CPU.Build.0 = Debug|Any CPU
		{325051F1-8477-4309-B3F4-BA147F6E7CA1}.Release|Any CPU.ActiveCfg = Release|Any CPU
		{325051F1-8477-4309-B3F4-BA147F6E7CA1}.Release|Any CPU.Build.0 = Release|Any CPU
	EndGlobalSection
	GlobalSection(SolutionProperties) = preSolution
		HideSolutionNode = FALSE
	EndGlobalSection
	GlobalSection(ExtensibilityGlobals) = postSolution
		SolutionGuid = {5400BC1B-EA58-4634-9E55-8A124304D279}
	EndGlobalSection
EndGlobal
