
Microsoft Visual Studio Solution File, Format Version 12.00
# Visual Studio 15
VisualStudioVersion = 15.0.27703.2042
MinimumVisualStudioVersion = 10.0.40219.1
Project("{FAE04EC0-301F-11D3-BF4B-00C04F79EFBC}") = "Contacts", "Contacts\Contacts.csproj", "{8F185158-3918-42C1-A3BB-04B2FCA7B025}"
EndProject
Global
	GlobalSection(SolutionConfigurationPlatforms) = preSolution
		Debug|Any CPU = Debug|Any CPU
		Release|Any CPU = Release|Any CPU
	EndGlobalSection
	GlobalSection(ProjectConfigurationPlatforms) = postSolution
		{8F185158-3918-42C1-A3BB-04B2FCA7B025}.Debug|Any CPU.ActiveCfg = Debug|Any CPU
		{8F185158-3918-42C1-A3BB-04B2FCA7B025}.Debug|Any CPU.Build.0 = Debug|Any CPU
		{8F185158-3918-42C1-A3BB-04B2FCA7B025}.Release|Any CPU.ActiveCfg = Release|Any CPU
		{8F185158-3918-42C1-A3BB-04B2FCA7B025}.Release|Any CPU.Build.0 = Release|Any CPU
	EndGlobalSection
	GlobalSection(SolutionProperties) = preSolution
		HideSolutionNode = FALSE
	EndGlobalSection
	GlobalSection(ExtensibilityGlobals) = postSolution
		SolutionGuid = {286C35A4-57D6-4206-B5AE-7005DE9C2B14}
	EndGlobalSection
EndGlobal
