
Microsoft Visual Studio Solution File, Format Version 12.00
# Visual Studio 15
VisualStudioVersion = 15.0.27703.2042
MinimumVisualStudioVersion = 10.0.40219.1
Project("{FAE04EC0-301F-11D3-BF4B-00C04F79EFBC}") = "ZoomCh13", "ZoomCh13\ZoomCh13.csproj", "{318B16FE-A9B4-49BF-9552-86A72EC99F91}"
EndProject
Global
	GlobalSection(SolutionConfigurationPlatforms) = preSolution
		Debug|Any CPU = Debug|Any CPU
		Release|Any CPU = Release|Any CPU
	EndGlobalSection
	GlobalSection(ProjectConfigurationPlatforms) = postSolution
		{318B16FE-A9B4-49BF-9552-86A72EC99F91}.Debug|Any CPU.ActiveCfg = Debug|Any CPU
		{318B16FE-A9B4-49BF-9552-86A72EC99F91}.Debug|Any CPU.Build.0 = Debug|Any CPU
		{318B16FE-A9B4-49BF-9552-86A72EC99F91}.Release|Any CPU.ActiveCfg = Release|Any CPU
		{318B16FE-A9B4-49BF-9552-86A72EC99F91}.Release|Any CPU.Build.0 = Release|Any CPU
	EndGlobalSection
	GlobalSection(SolutionProperties) = preSolution
		HideSolutionNode = FALSE
	EndGlobalSection
	GlobalSection(ExtensibilityGlobals) = postSolution
		SolutionGuid = {AB8248C7-6725-4608-A84B-777371974BD3}
	EndGlobalSection
EndGlobal
