
Microsoft Visual Studio Solution File, Format Version 12.00
# Visual Studio 15
VisualStudioVersion = 15.0.27703.2042
MinimumVisualStudioVersion = 10.0.40219.1
Project("{FAE04EC0-301F-11D3-BF4B-00C04F79EFBC}") = "SimpleSaveCh9", "SimpleSaveCh9\SimpleSaveCh9.csproj", "{4D04B4ED-9A0C-48C5-80E5-C8231D122B89}"
EndProject
Global
	GlobalSection(SolutionConfigurationPlatforms) = preSolution
		Debug|Any CPU = Debug|Any CPU
		Release|Any CPU = Release|Any CPU
	EndGlobalSection
	GlobalSection(ProjectConfigurationPlatforms) = postSolution
		{4D04B4ED-9A0C-48C5-80E5-C8231D122B89}.Debug|Any CPU.ActiveCfg = Debug|Any CPU
		{4D04B4ED-9A0C-48C5-80E5-C8231D122B89}.Debug|Any CPU.Build.0 = Debug|Any CPU
		{4D04B4ED-9A0C-48C5-80E5-C8231D122B89}.Release|Any CPU.ActiveCfg = Release|Any CPU
		{4D04B4ED-9A0C-48C5-80E5-C8231D122B89}.Release|Any CPU.Build.0 = Release|Any CPU
	EndGlobalSection
	GlobalSection(SolutionProperties) = preSolution
		HideSolutionNode = FALSE
	EndGlobalSection
	GlobalSection(ExtensibilityGlobals) = postSolution
		SolutionGuid = {AC2E97E1-4D8C-4103-809B-12FD6E83FF5F}
	EndGlobalSection
EndGlobal
